// !$*UTF8*$!
{
	archiveVersion = 1;
	classes = {
	};
	objectVersion = 77;
	objects = {

/* Begin PBXBuildFile section */
		0D7CB9966436EF27A735368D /* Pods_DiseaseOnLeafTests.framework in Frameworks */ = {isa = PBXBuildFile; fileRef = C42F1DE851F2EC7614D5FB04 /* Pods_DiseaseOnLeafTests.framework */; };
		19E954EB95B96BF6AA2A3FD0 /* Pods_DiseaseOnLeaf.framework in Frameworks */ = {isa = PBXBuildFile; fileRef = 7C485F51C88EA63E30F27299 /* Pods_DiseaseOnLeaf.framework */; };
		EBA89EA44C871B49F7B6F6DC /* Pods_DiseaseOnLeaf_DiseaseOnLeafUITests.framework in Frameworks */ = {isa = PBXBuildFile; fileRef = C8A8250B8B2532346F5FA669 /* Pods_DiseaseOnLeaf_DiseaseOnLeafUITests.framework */; };
/* End PBXBuildFile section */

/* Begin PBXContainerItemProxy section */
		76D1E84D2EBED89700039700 /* PBXContainerItemProxy */ = {
			isa = PBXContainerItemProxy;
			containerPortal = 76D1E82E2EBED89500039700 /* Project object */;
			proxyType = 1;
			remoteGlobalIDString = 76D1E8352EBED89500039700;
			remoteInfo = DiseaseOnLeaf;
		};
		76D1E8572EBED89700039700 /* PBXContainerItemProxy */ = {
			isa = PBXContainerItemProxy;
			containerPortal = 76D1E82E2EBED89500039700 /* Project object */;
			proxyType = 1;
			remoteGlobalIDString = 76D1E8352EBED89500039700;
			remoteInfo = DiseaseOnLeaf;
		};
/* End PBXContainerItemProxy section */

/* Begin PBXFileReference section */
		1512824358460B76B1F063E6 /* Pods-DiseaseOnLeaf.release.xcconfig */ = {isa = PBXFileReference; includeInIndex = 1; lastKnownFileType = text.xcconfig; name = "Pods-DiseaseOnLeaf.release.xcconfig"; path = "Target Support Files/Pods-DiseaseOnLeaf/Pods-DiseaseOnLeaf.release.xcconfig"; sourceTree = "<group>"; };
		2125218692F8234D987EA118 /* Pods-DiseaseOnLeaf.debug.xcconfig */ = {isa = PBXFileReference; includeInIndex = 1; lastKnownFileType = text.xcconfig; name = "Pods-DiseaseOnLeaf.debug.xcconfig"; path = "Target Support Files/Pods-DiseaseOnLeaf/Pods-DiseaseOnLeaf.debug.xcconfig"; sourceTree = "<group>"; };
		63D6081F203E66BCE8405630 /* Pods-DiseaseOnLeafTests.release.xcconfig */ = {isa = PBXFileReference; includeInIndex = 1; lastKnownFileType = text.xcconfig; name = "Pods-DiseaseOnLeafTests.release.xcconfig"; path = "Target Support Files/Pods-DiseaseOnLeafTests/Pods-DiseaseOnLeafTests.release.xcconfig"; sourceTree = "<group>"; };
		76D1E8362EBED89500039700 /* DiseaseOnLeaf.app */ = {isa = PBXFileReference; explicitFileType = wrapper.application; includeInIndex = 0; path = DiseaseOnLeaf.app; sourceTree = BUILT_PRODUCTS_DIR; };
		76D1E84C2EBED89700039700 /* DiseaseOnLeafTests.xctest */ = {isa = PBXFileReference; explicitFileType = wrapper.cfbundle; includeInIndex = 0; path = DiseaseOnLeafTests.xctest; sourceTree = BUILT_PRODUCTS_DIR; };
		76D1E8562EBED89700039700 /* DiseaseOnLeafUITests.xctest */ = {isa = PBXFileReference; explicitFileType = wrapper.cfbundle; includeInIndex = 0; path = DiseaseOnLeafUITests.xctest; sourceTree = BUILT_PRODUCTS_DIR; };
		7C485F51C88EA63E30F27299 /* Pods_DiseaseOnLeaf.framework */ = {isa = PBXFileReference; explicitFileType = wrapper.framework; includeInIndex = 0; path = Pods_DiseaseOnLeaf.framework; sourceTree = BUILT_PRODUCTS_DIR; };
		7F08AFA838D6459537A89700 /* Pods-DiseaseOnLeaf-DiseaseOnLeafUITests.release.xcconfig */ = {isa = PBXFileReference; includeInIndex = 1; lastKnownFileType = text.xcconfig; name = "Pods-DiseaseOnLeaf-DiseaseOnLeafUITests.release.xcconfig"; path = "Target Support Files/Pods-DiseaseOnLeaf-DiseaseOnLeafUITests/Pods-DiseaseOnLeaf-DiseaseOnLeafUITests.release.xcconfig"; sourceTree = "<group>"; };
		86AEB5B6261E9C2C162D0A91 /* Pods-DiseaseOnLeafTests.debug.xcconfig */ = {isa = PBXFileReference; includeInIndex = 1; lastKnownFileType = text.xcconfig; name = "Pods-DiseaseOnLeafTests.debug.xcconfig"; path = "Target Support Files/Pods-DiseaseOnLeafTests/Pods-DiseaseOnLeafTests.debug.xcconfig"; sourceTree = "<group>"; };
		C42F1DE851F2EC7614D5FB04 /* Pods_DiseaseOnLeafTests.framework */ = {isa = PBXFileReference; explicitFileType = wrapper.framework; includeInIndex = 0; path = Pods_DiseaseOnLeafTests.framework; sourceTree = BUILT_PRODUCTS_DIR; };
		C8A8250B8B2532346F5FA669 /* Pods_DiseaseOnLeaf_DiseaseOnLeafUITests.framework */ = {isa = PBXFileReference; explicitFileType = wrapper.framework; includeInIndex = 0; path = Pods_DiseaseOnLeaf_DiseaseOnLeafUITests.framework; sourceTree = BUILT_PRODUCTS_DIR; };
		E880FBC6E8F5A7D6721775A4 /* Pods-DiseaseOnLeaf-DiseaseOnLeafUITests.debug.xcconfig */ = {isa = PBXFileReference; includeInIndex = 1; lastKnownFileType = text.xcconfig; name = "Pods-DiseaseOnLeaf-DiseaseOnLeafUITests.debug.xcconfig"; path = "Target Support Files/Pods-DiseaseOnLeaf-DiseaseOnLeafUITests/Pods-DiseaseOnLeaf-DiseaseOnLeafUITests.debug.xcconfig"; sourceTree = "<group>"; };
/* End PBXFileReference section */

/* Begin PBXFileSystemSynchronizedBuildFileExceptionSet section */
		76D1E85E2EBED89700039700 /* Exceptions for "DiseaseOnLeaf" folder in "DiseaseOnLeaf" target */ = {
			isa = PBXFileSystemSynchronizedBuildFileExceptionSet;
			membershipExceptions = (
				Info.plist,
			);
			target = 76D1E8352EBED89500039700 /* DiseaseOnLeaf */;
		};
/* End PBXFileSystemSynchronizedBuildFileExceptionSet section */

/* Begin PBXFileSystemSynchronizedRootGroup section */
		76D1E8382EBED89500039700 /* DiseaseOnLeaf */ = {
			isa = PBXFileSystemSynchronizedRootGroup;
			exceptions = (
				76D1E85E2EBED89700039700 /* Exceptions for "DiseaseOnLeaf" folder in "DiseaseOnLeaf" target */,
			);
			path = DiseaseOnLeaf;
			sourceTree = "<group>";
		};
		76D1E84F2EBED89700039700 /* DiseaseOnLeafTests */ = {
			isa = PBXFileSystemSynchronizedRootGroup;
			path = DiseaseOnLeafTests;
			sourceTree = "<group>";
		};
		76D1E8592EBED89700039700 /* DiseaseOnLeafUITests */ = {
			isa = PBXFileSystemSynchronizedRootGroup;
			path = DiseaseOnLeafUITests;
			sourceTree = "<group>";
		};
/* End PBXFileSystemSynchronizedRootGroup section */

/* Begin PBXFrameworksBuildPhase section */
		76D1E8332EBED89500039700 /* Frameworks */ = {
			isa = PBXFrameworksBuildPhase;
			buildActionMask = 2147483647;
			files = (
				19E954EB95B96BF6AA2A3FD0 /* Pods_DiseaseOnLeaf.framework in Frameworks */,
			);
			runOnlyForDeploymentPostprocessing = 0;
		};
		76D1E8492EBED89700039700 /* Frameworks */ = {
			isa = PBXFrameworksBuildPhase;
			buildActionMask = 2147483647;
			files = (
				0D7CB9966436EF27A735368D /* Pods_DiseaseOnLeafTests.framework in Frameworks */,
			);
			runOnlyForDeploymentPostprocessing = 0;
		};
		76D1E8532EBED89700039700 /* Frameworks */ = {
			isa = PBXFrameworksBuildPhase;
			buildActionMask = 2147483647;
			files = (
				EBA89EA44C871B49F7B6F6DC /* Pods_DiseaseOnLeaf_DiseaseOnLeafUITests.framework in Frameworks */,
			);
			runOnlyForDeploymentPostprocessing = 0;
		};
/* End PBXFrameworksBuildPhase section */

/* Begin PBXGroup section */
		76D1E82D2EBED89500039700 = {
			isa = PBXGroup;
			children = (
				76D1E8382EBED89500039700 /* DiseaseOnLeaf */,
				76D1E84F2EBED89700039700 /* DiseaseOnLeafTests */,
				76D1E8592EBED89700039700 /* DiseaseOnLeafUITests */,
				76D1E8372EBED89500039700 /* Products */,
				AA1B8B6613DB483BBC0EDBB2 /* Pods */,
				EF5DF0E233E747A67139C0E0 /* Frameworks */,
			);
			sourceTree = "<group>";
		};
		76D1E8372EBED89500039700 /* Products */ = {
			isa = PBXGroup;
			children = (
				76D1E8362EBED89500039700 /* DiseaseOnLeaf.app */,
				76D1E84C2EBED89700039700 /* DiseaseOnLeafTests.xctest */,
				76D1E8562EBED89700039700 /* DiseaseOnLeafUITests.xctest */,
			);
			name = Products;
			sourceTree = "<group>";
		};
		AA1B8B6613DB483BBC0EDBB2 /* Pods */ = {
			isa = PBXGroup;
			children = (
				2125218692F8234D987EA118 /* Pods-DiseaseOnLeaf.debug.xcconfig */,
				1512824358460B76B1F063E6 /* Pods-DiseaseOnLeaf.release.xcconfig */,
				E880FBC6E8F5A7D6721775A4 /* Pods-DiseaseOnLeaf-DiseaseOnLeafUITests.debug.xcconfig */,
				7F08AFA838D6459537A89700 /* Pods-DiseaseOnLeaf-DiseaseOnLeafUITests.release.xcconfig */,
				86AEB5B6261E9C2C162D0A91 /* Pods-DiseaseOnLeafTests.debug.xcconfig */,
				63D6081F203E66BCE8405630 /* Pods-DiseaseOnLeafTests.release.xcconfig */,
			);
			path = Pods;
			sourceTree = "<group>";
		};
		EF5DF0E233E747A67139C0E0 /* Frameworks */ = {
			isa = PBXGroup;
			children = (
				7C485F51C88EA63E30F27299 /* Pods_DiseaseOnLeaf.framework */,
				C8A8250B8B2532346F5FA669 /* Pods_DiseaseOnLeaf_DiseaseOnLeafUITests.framework */,
				C42F1DE851F2EC7614D5FB04 /* Pods_DiseaseOnLeafTests.framework */,
			);
			name = Frameworks;
			sourceTree = "<group>";
		};
/* End PBXGroup section */

/* Begin PBXNativeTarget section */
		76D1E8352EBED89500039700 /* DiseaseOnLeaf */ = {
			isa = PBXNativeTarget;
			buildConfigurationList = 76D1E85F2EBED89700039700 /* Build configuration list for PBXNativeTarget "DiseaseOnLeaf" */;
			buildPhases = (
				918915075C4A9FA2C1911FBE /* [CP] Check Pods Manifest.lock */,
				76D1E8322EBED89500039700 /* Sources */,
				76D1E8332EBED89500039700 /* Frameworks */,
				76D1E8342EBED89500039700 /* Resources */,
				605AD72ABC2BE320A88CE721 /* [CP] Copy Pods Resources */,
			);
			buildRules = (
			);
			dependencies = (
			);
			fileSystemSynchronizedGroups = (
				76D1E8382EBED89500039700 /* DiseaseOnLeaf */,
			);
			name = DiseaseOnLeaf;
			productName = DiseaseOnLeaf;
			productReference = 76D1E8362EBED89500039700 /* DiseaseOnLeaf.app */;
			productType = "com.apple.product-type.application";
		};
		76D1E84B2EBED89700039700 /* DiseaseOnLeafTests */ = {
			isa = PBXNativeTarget;
			buildConfigurationList = 76D1E8642EBED89700039700 /* Build configuration list for PBXNativeTarget "DiseaseOnLeafTests" */;
			buildPhases = (
				6025670E6F6582C1FE098122 /* [CP] Check Pods Manifest.lock */,
				76D1E8482EBED89700039700 /* Sources */,
				76D1E8492EBED89700039700 /* Frameworks */,
				76D1E84A2EBED89700039700 /* Resources */,
			);
			buildRules = (
			);
			dependencies = (
				76D1E84E2EBED89700039700 /* PBXTargetDependency */,
			);
			fileSystemSynchronizedGroups = (
				76D1E84F2EBED89700039700 /* DiseaseOnLeafTests */,
			);
			name = DiseaseOnLeafTests;
			productName = DiseaseOnLeafTests;
			productReference = 76D1E84C2EBED89700039700 /* DiseaseOnLeafTests.xctest */;
			productType = "com.apple.product-type.bundle.unit-test";
		};
		76D1E8552EBED89700039700 /* DiseaseOnLeafUITests */ = {
			isa = PBXNativeTarget;
			buildConfigurationList = 76D1E8672EBED89700039700 /* Build configuration list for PBXNativeTarget "DiseaseOnLeafUITests" */;
			buildPhases = (
				D752E8334C20537F9DCD9C67 /* [CP] Check Pods Manifest.lock */,
				76D1E8522EBED89700039700 /* Sources */,
				76D1E8532EBED89700039700 /* Frameworks */,
				76D1E8542EBED89700039700 /* Resources */,
				3E95AA7C8F8F9864C0C5D1B2 /* [CP] Copy Pods Resources */,
			);
			buildRules = (
			);
			dependencies = (
				76D1E8582EBED89700039700 /* PBXTargetDependency */,
			);
			fileSystemSynchronizedGroups = (
				76D1E8592EBED89700039700 /* DiseaseOnLeafUITests */,
			);
			name = DiseaseOnLeafUITests;
			productName = DiseaseOnLeafUITests;
			productReference = 76D1E8562EBED89700039700 /* DiseaseOnLeafUITests.xctest */;
			productType = "com.apple.product-type.bundle.ui-testing";
		};
/* End PBXNativeTarget section */

/* Begin PBXProject section */
		76D1E82E2EBED89500039700 /* Project object */ = {
			isa = PBXProject;
			attributes = {
				BuildIndependentTargetsInParallel = 1;
				LastSwiftUpdateCheck = 1620;
				LastUpgradeCheck = 1620;
				TargetAttributes = {
					76D1E8352EBED89500039700 = {
						CreatedOnToolsVersion = 16.2;
					};
					76D1E84B2EBED89700039700 = {
						CreatedOnToolsVersion = 16.2;
						TestTargetID = 76D1E8352EBED89500039700;
					};
					76D1E8552EBED89700039700 = {
						CreatedOnToolsVersion = 16.2;
						TestTargetID = 76D1E8352EBED89500039700;
					};
				};
			};
			buildConfigurationList = 76D1E8312EBED89500039700 /* Build configuration list for PBXProject "DiseaseOnLeaf" */;
			developmentRegion = en;
			hasScannedForEncodings = 0;
			knownRegions = (
				en,
				Base,
			);
			mainGroup = 76D1E82D2EBED89500039700;
			minimizedProjectReferenceProxies = 1;
			preferredProjectObjectVersion = 77;
			productRefGroup = 76D1E8372EBED89500039700 /* Products */;
			projectDirPath = "";
			projectRoot = "";
			targets = (
				76D1E8352EBED89500039700 /* DiseaseOnLeaf */,
				76D1E84B2EBED89700039700 /* DiseaseOnLeafTests */,
				76D1E8552EBED89700039700 /* DiseaseOnLeafUITests */,
			);
		};
/* End PBXProject section */

/* Begin PBXResourcesBuildPhase section */
		76D1E8342EBED89500039700 /* Resources */ = {
			isa = PBXResourcesBuildPhase;
			buildActionMask = 2147483647;
			files = (
			);
			runOnlyForDeploymentPostprocessing = 0;
		};
		76D1E84A2EBED89700039700 /* Resources */ = {
			isa = PBXResourcesBuildPhase;
			buildActionMask = 2147483647;
			files = (
			);
			runOnlyForDeploymentPostprocessing = 0;
		};
		76D1E8542EBED89700039700 /* Resources */ = {
			isa = PBXResourcesBuildPhase;
			buildActionMask = 2147483647;
			files = (
			);
			runOnlyForDeploymentPostprocessing = 0;
		};
/* End PBXResourcesBuildPhase section */

/* Begin PBXShellScriptBuildPhase section */
		3E95AA7C8F8F9864C0C5D1B2 /* [CP] Copy Pods Resources */ = {
			isa = PBXShellScriptBuildPhase;
			buildActionMask = 2147483647;
			files = (
			);
			inputFileListPaths = (
				"${PODS_ROOT}/Target Support Files/Pods-DiseaseOnLeaf-DiseaseOnLeafUITests/Pods-DiseaseOnLeaf-DiseaseOnLeafUITests-resources-${CONFIGURATION}-input-files.xcfilelist",
			);
			name = "[CP] Copy Pods Resources";
			outputFileListPaths = (
				"${PODS_ROOT}/Target Support Files/Pods-DiseaseOnLeaf-DiseaseOnLeafUITests/Pods-DiseaseOnLeaf-DiseaseOnLeafUITests-resources-${CONFIGURATION}-output-files.xcfilelist",
			);
			runOnlyForDeploymentPostprocessing = 0;
			shellPath = /bin/sh;
			shellScript = "\"${PODS_ROOT}/Target Support Files/Pods-DiseaseOnLeaf-DiseaseOnLeafUITests/Pods-DiseaseOnLeaf-DiseaseOnLeafUITests-resources.sh\"\n";
			showEnvVarsInLog = 0;
		};
		6025670E6F6582C1FE098122 /* [CP] Check Pods Manifest.lock */ = {
			isa = PBXShellScriptBuildPhase;
			buildActionMask = 2147483647;
			files = (
			);
			inputFileListPaths = (
			);
			inputPaths = (
				"${PODS_PODFILE_DIR_PATH}/Podfile.lock",
				"${PODS_ROOT}/Manifest.lock",
			);
			name = "[CP] Check Pods Manifest.lock";
			outputFileListPaths = (
			);
			outputPaths = (
				"$(DERIVED_FILE_DIR)/Pods-DiseaseOnLeafTests-checkManifestLockResult.txt",
			);
			runOnlyForDeploymentPostprocessing = 0;
			shellPath = /bin/sh;
			shellScript = "diff \"${PODS_PODFILE_DIR_PATH}/Podfile.lock\" \"${PODS_ROOT}/Manifest.lock\" > /dev/null\nif [ $? != 0 ] ; then\n    # print error to STDERR\n    echo \"error: The sandbox is not in sync with the Podfile.lock. Run 'pod install' or update your CocoaPods installation.\" >&2\n    exit 1\nfi\n# This output is used by Xcode 'outputs' to avoid re-running this script phase.\necho \"SUCCESS\" > \"${SCRIPT_OUTPUT_FILE_0}\"\n";
			showEnvVarsInLog = 0;
		};
		605AD72ABC2BE320A88CE721 /* [CP] Copy Pods Resources */ = {
			isa = PBXShellScriptBuildPhase;
			buildActionMask = 2147483647;
			files = (
			);
			inputFileListPaths = (
				"${PODS_ROOT}/Target Support Files/Pods-DiseaseOnLeaf/Pods-DiseaseOnLeaf-resources-${CONFIGURATION}-input-files.xcfilelist",
			);
			name = "[CP] Copy Pods Resources";
			outputFileListPaths = (
				"${PODS_ROOT}/Target Support Files/Pods-DiseaseOnLeaf/Pods-DiseaseOnLeaf-resources-${CONFIGURATION}-output-files.xcfilelist",
			);
			runOnlyForDeploymentPostprocessing = 0;
			shellPath = /bin/sh;
			shellScript = "\"${PODS_ROOT}/Target Support Files/Pods-DiseaseOnLeaf/Pods-DiseaseOnLeaf-resources.sh\"\n";
			showEnvVarsInLog = 0;
		};
		918915075C4A9FA2C1911FBE /* [CP] Check Pods Manifest.lock */ = {
			isa = PBXShellScriptBuildPhase;
			buildActionMask = 2147483647;
			files = (
			);
			inputFileListPaths = (
			);
			inputPaths = (
				"${PODS_PODFILE_DIR_PATH}/Podfile.lock",
				"${PODS_ROOT}/Manifest.lock",
			);
			name = "[CP] Check Pods Manifest.lock";
			outputFileListPaths = (
			);
			outputPaths = (
				"$(DERIVED_FILE_DIR)/Pods-DiseaseOnLeaf-checkManifestLockResult.txt",
			);
			runOnlyForDeploymentPostprocessing = 0;
			shellPath = /bin/sh;
			shellScript = "diff \"${PODS_PODFILE_DIR_PATH}/Podfile.lock\" \"${PODS_ROOT}/Manifest.lock\" > /dev/null\nif [ $? != 0 ] ; then\n    # print error to STDERR\n    echo \"error: The sandbox is not in sync with the Podfile.lock. Run 'pod install' or update your CocoaPods installation.\" >&2\n    exit 1\nfi\n# This output is used by Xcode 'outputs' to avoid re-running this script phase.\necho \"SUCCESS\" > \"${SCRIPT_OUTPUT_FILE_0}\"\n";
			showEnvVarsInLog = 0;
		};
		D752E8334C20537F9DCD9C67 /* [CP] Check Pods Manifest.lock */ = {
			isa = PBXShellScriptBuildPhase;
			buildActionMask = 2147483647;
			files = (
			);
			inputFileListPaths = (
			);
			inputPaths = (
				"${PODS_PODFILE_DIR_PATH}/Podfile.lock",
				"${PODS_ROOT}/Manifest.lock",
			);
			name = "[CP] Check Pods Manifest.lock";
			outputFileListPaths = (
			);
			outputPaths = (
				"$(DERIVED_FILE_DIR)/Pods-DiseaseOnLeaf-DiseaseOnLeafUITests-checkManifestLockResult.txt",
			);
			runOnlyForDeploymentPostprocessing = 0;
			shellPath = /bin/sh;
			shellScript = "diff \"${PODS_PODFILE_DIR_PATH}/Podfile.lock\" \"${PODS_ROOT}/Manifest.lock\" > /dev/null\nif [ $? != 0 ] ; then\n    # print error to STDERR\n    echo \"error: The sandbox is not in sync with the Podfile.lock. Run 'pod install' or update your CocoaPods installation.\" >&2\n    exit 1\nfi\n# This output is used by Xcode 'outputs' to avoid re-running this script phase.\necho \"SUCCESS\" > \"${SCRIPT_OUTPUT_FILE_0}\"\n";
			showEnvVarsInLog = 0;
		};
/* End PBXShellScriptBuildPhase section */

/* Begin PBXSourcesBuildPhase section */
		76D1E8322EBED89500039700 /* Sources */ = {
			isa = PBXSourcesBuildPhase;
			buildActionMask = 2147483647;
			files = (
			);
			runOnlyForDeploymentPostprocessing = 0;
		};
		76D1E8482EBED89700039700 /* Sources */ = {
			isa = PBXSourcesBuildPhase;
			buildActionMask = 2147483647;
			files = (
			);
			runOnlyForDeploymentPostprocessing = 0;
		};
		76D1E8522EBED89700039700 /* Sources */ = {
			isa = PBXSourcesBuildPhase;
			buildActionMask = 2147483647;
			files = (
			);
			runOnlyForDeploymentPostprocessing = 0;
		};
/* End PBXSourcesBuildPhase section */

/* Begin PBXTargetDependency section */
		76D1E84E2EBED89700039700 /* PBXTargetDependency */ = {
			isa = PBXTargetDependency;
			target = 76D1E8352EBED89500039700 /* DiseaseOnLeaf */;
			targetProxy = 76D1E84D2EBED89700039700 /* PBXContainerItemProxy */;
		};
		76D1E8582EBED89700039700 /* PBXTargetDependency */ = {
			isa = PBXTargetDependency;
			target = 76D1E8352EBED89500039700 /* DiseaseOnLeaf */;
			targetProxy = 76D1E8572EBED89700039700 /* PBXContainerItemProxy */;
		};
/* End PBXTargetDependency section */

/* Begin XCBuildConfiguration section */
		76D1E8602EBED89700039700 /* Debug */ = {
			isa = XCBuildConfiguration;
			baseConfigurationReference = 2125218692F8234D987EA118 /* Pods-DiseaseOnLeaf.debug.xcconfig */;
			buildSettings = {
				ASSETCATALOG_COMPILER_APPICON_NAME = AppIcon;
				ASSETCATALOG_COMPILER_GLOBAL_ACCENT_COLOR_NAME = AccentColor;
				CODE_SIGN_STYLE = Automatic;
				CURRENT_PROJECT_VERSION = 1;
				DEVELOPMENT_TEAM = XDH7KVZD9U;
				ENABLE_USER_SCRIPT_SANDBOXING = NO;
				GENERATE_INFOPLIST_FILE = YES;
				INFOPLIST_FILE = DiseaseOnLeaf/Info.plist;
				INFOPLIST_KEY_NSCameraUsageDescription = "$(PRODUCT_NAME) camera use";
				INFOPLIST_KEY_UIApplicationSupportsIndirectInputEvents = YES;
				INFOPLIST_KEY_UILaunchStoryboardName = LaunchScreen;
				INFOPLIST_KEY_UISupportedInterfaceOrientations_iPad = "UIInterfaceOrientationPortrait UIInterfaceOrientationPortraitUpsideDown UIInterfaceOrientationLandscapeLeft UIInterfaceOrientationLandscapeRight";
				INFOPLIST_KEY_UISupportedInterfaceOrientations_iPhone = "UIInterfaceOrientationPortrait UIInterfaceOrientationLandscapeLeft UIInterfaceOrientationLandscapeRight";
				IPHONEOS_DEPLOYMENT_TARGET = 18.0;
				LD_RUNPATH_SEARCH_PATHS = (
					"$(inherited)",
					"@executable_path/Frameworks",
				);
				MARKETING_VERSION = 1.0;
				PRODUCT_BUNDLE_IDENTIFIER = minhl.DiseaseOnLeaf;
				PRODUCT_NAME = "$(TARGET_NAME)";
				SWIFT_EMIT_LOC_STRINGS = YES;
				SWIFT_VERSION = 5.0;
				TARGETED_DEVICE_FAMILY = "1,2";
			};
			name = Debug;
		};
		76D1E8612EBED89700039700 /* Release */ = {
			isa = XCBuildConfiguration;
			baseConfigurationReference = 1512824358460B76B1F063E6 /* Pods-DiseaseOnLeaf.release.xcconfig */;
			buildSettings = {
				ASSETCATALOG_COMPILER_APPICON_NAME = AppIcon;
				ASSETCATALOG_COMPILER_GLOBAL_ACCENT_COLOR_NAME = AccentColor;
				CODE_SIGN_STYLE = Automatic;
				CURRENT_PROJECT_VERSION = 1;
				DEVELOPMENT_TEAM = XDH7KVZD9U;
				ENABLE_USER_SCRIPT_SANDBOXING = NO;
				GENERATE_INFOPLIST_FILE = YES;
				INFOPLIST_FILE = DiseaseOnLeaf/Info.plist;
				INFOPLIST_KEY_NSCameraUsageDescription = "$(PRODUCT_NAME) camera use";
				INFOPLIST_KEY_UIApplicationSupportsIndirectInputEvents = YES;
				INFOPLIST_KEY_UILaunchStoryboardName = LaunchScreen;
				INFOPLIST_KEY_UISupportedInterfaceOrientations_iPad = "UIInterfaceOrientationPortrait UIInterfaceOrientationPortraitUpsideDown UIInterfaceOrientationLandscapeLeft UIInterfaceOrientationLandscapeRight";
				INFOPLIST_KEY_UISupportedInterfaceOrientations_iPhone = "UIInterfaceOrientationPortrait UIInterfaceOrientationLandscapeLeft UIInterfaceOrientationLandscapeRight";
				IPHONEOS_DEPLOYMENT_TARGET = 18.0;
				LD_RUNPATH_SEARCH_PATHS = (
					"$(inherited)",
					"@executable_path/Frameworks",
				);
				MARKETING_VERSION = 1.0;
				PRODUCT_BUNDLE_IDENTIFIER = minhl.DiseaseOnLeaf;
				PRODUCT_NAME = "$(TARGET_NAME)";
				SWIFT_EMIT_LOC_STRINGS = YES;
				SWIFT_VERSION = 5.0;
				TARGETED_DEVICE_FAMILY = "1,2";
			};
			name = Release;
		};
		76D1E8622EBED89700039700 /* Debug */ = {
			isa = XCBuildConfiguration;
			buildSettings = {
				ALWAYS_SEARCH_USER_PATHS = NO;
				ASSETCATALOG_COMPILER_GENERATE_SWIFT_ASSET_SYMBOL_EXTENSIONS = YES;
				CLANG_ANALYZER_NONNULL = YES;
				CLANG_ANALYZER_NUMBER_OBJECT_CONVERSION = YES_AGGRESSIVE;
				CLANG_CXX_LANGUAGE_STANDARD = "gnu++20";
				CLANG_ENABLE_MODULES = YES;
				CLANG_ENABLE_OBJC_ARC = YES;
				CLANG_ENABLE_OBJC_WEAK = YES;
				CLANG_WARN_BLOCK_CAPTURE_AUTORELEASING = YES;
				CLANG_WARN_BOOL_CONVERSION = YES;
				CLANG_WARN_COMMA = YES;
				CLANG_WARN_CONSTANT_CONVERSION = YES;
				CLANG_WARN_DEPRECATED_OBJC_IMPLEMENTATIONS = YES;
				CLANG_WARN_DIRECT_OBJC_ISA_USAGE = YES_ERROR;
				CLANG_WARN_DOCUMENTATION_COMMENTS = YES;
				CLANG_WARN_EMPTY_BODY = YES;
				CLANG_WARN_ENUM_CONVERSION = YES;
				CLANG_WARN_INFINITE_RECURSION = YES;
				CLANG_WARN_INT_CONVERSION = YES;
				CLANG_WARN_NON_LITERAL_NULL_CONVERSION = YES;
				CLANG_WARN_OBJC_IMPLICIT_RETAIN_SELF = YES;
				CLANG_WARN_OBJC_LITERAL_CONVERSION = YES;
				CLANG_WARN_OBJC_ROOT_CLASS = YES_ERROR;
				CLANG_WARN_QUOTED_INCLUDE_IN_FRAMEWORK_HEADER = YES;
				CLANG_WARN_RANGE_LOOP_ANALYSIS = YES;
				CLANG_WARN_STRICT_PROTOTYPES = YES;
				CLANG_WARN_SUSPICIOUS_MOVE = YES;
				CLANG_WARN_UNGUARDED_AVAILABILITY = YES_AGGRESSIVE;
				CLANG_WARN_UNREACHABLE_CODE = YES;
				CLANG_WARN__DUPLICATE_METHOD_MATCH = YES;
				COPY_PHASE_STRIP = NO;
				DEBUG_INFORMATION_FORMAT = dwarf;
				ENABLE_STRICT_OBJC_MSGSEND = YES;
				ENABLE_TESTABILITY = YES;
				ENABLE_USER_SCRIPT_SANDBOXING = YES;
				GCC_C_LANGUAGE_STANDARD = gnu17;
				GCC_DYNAMIC_NO_PIC = NO;
				GCC_NO_COMMON_BLOCKS = YES;
				GCC_OPTIMIZATION_LEVEL = 0;
				GCC_PREPROCESSOR_DEFINITIONS = (
					"DEBUG=1",
					"$(inherited)",
				);
				GCC_WARN_64_TO_32_BIT_CONVERSION = YES;
				GCC_WARN_ABOUT_RETURN_TYPE = YES_ERROR;
				GCC_WARN_UNDECLARED_SELECTOR = YES;
				GCC_WARN_UNINITIALIZED_AUTOS = YES_AGGRESSIVE;
				GCC_WARN_UNUSED_FUNCTION = YES;
				GCC_WARN_UNUSED_VARIABLE = YES;
				IPHONEOS_DEPLOYMENT_TARGET = 18.2;
				LOCALIZATION_PREFERS_STRING_CATALOGS = YES;
				MTL_ENABLE_DEBUG_INFO = INCLUDE_SOURCE;
				MTL_FAST_MATH = YES;
				ONLY_ACTIVE_ARCH = YES;
				SDKROOT = iphoneos;
				SWIFT_ACTIVE_COMPILATION_CONDITIONS = "DEBUG $(inherited)";
				SWIFT_OPTIMIZATION_LEVEL = "-Onone";
			};
			name = Debug;
		};
		76D1E8632EBED89700039700 /* Release */ = {
			isa = XCBuildConfiguration;
			buildSettings = {
				ALWAYS_SEARCH_USER_PATHS = NO;
				ASSETCATALOG_COMPILER_GENERATE_SWIFT_ASSET_SYMBOL_EXTENSIONS = YES;
				CLANG_ANALYZER_NONNULL = YES;
				CLANG_ANALYZER_NUMBER_OBJECT_CONVERSION = YES_AGGRESSIVE;
				CLANG_CXX_LANGUAGE_STANDARD = "gnu++20";
				CLANG_ENABLE_MODULES = YES;
				CLANG_ENABLE_OBJC_ARC = YES;
				CLANG_ENABLE_OBJC_WEAK = YES;
				CLANG_WARN_BLOCK_CAPTURE_AUTORELEASING = YES;
				CLANG_WARN_BOOL_CONVERSION = YES;
				CLANG_WARN_COMMA = YES;
				CLANG_WARN_CONSTANT_CONVERSION = YES;
				CLANG_WARN_DEPRECATED_OBJC_IMPLEMENTATIONS = YES;
				CLANG_WARN_DIRECT_OBJC_ISA_USAGE = YES_ERROR;
				CLANG_WARN_DOCUMENTATION_COMMENTS = YES;
				CLANG_WARN_EMPTY_BODY = YES;
				CLANG_WARN_ENUM_CONVERSION = YES;
				CLANG_WARN_INFINITE_RECURSION = YES;
				CLANG_WARN_INT_CONVERSION = YES;
				CLANG_WARN_NON_LITERAL_NULL_CONVERSION = YES;
				CLANG_WARN_OBJC_IMPLICIT_RETAIN_SELF = YES;
				CLANG_WARN_OBJC_LITERAL_CONVERSION = YES;
				CLANG_WARN_OBJC_ROOT_CLASS = YES_ERROR;
				CLANG_WARN_QUOTED_INCLUDE_IN_FRAMEWORK_HEADER = YES;
				CLANG_WARN_RANGE_LOOP_ANALYSIS = YES;
				CLANG_WARN_STRICT_PROTOTYPES = YES;
				CLANG_WARN_SUSPICIOUS_MOVE = YES;
				CLANG_WARN_UNGUARDED_AVAILABILITY = YES_AGGRESSIVE;
				CLANG_WARN_UNREACHABLE_CODE = YES;
				CLANG_WARN__DUPLICATE_METHOD_MATCH = YES;
				COPY_PHASE_STRIP = NO;
				DEBUG_INFORMATION_FORMAT = "dwarf-with-dsym";
				ENABLE_NS_ASSERTIONS = NO;
				ENABLE_STRICT_OBJC_MSGSEND = YES;
				ENABLE_USER_SCRIPT_SANDBOXING = YES;
				GCC_C_LANGUAGE_STANDARD = gnu17;
				GCC_NO_COMMON_BLOCKS = YES;
				GCC_WARN_64_TO_32_BIT_CONVERSION = YES;
				GCC_WARN_ABOUT_RETURN_TYPE = YES_ERROR;
				GCC_WARN_UNDECLARED_SELECTOR = YES;
				GCC_WARN_UNINITIALIZED_AUTOS = YES_AGGRESSIVE;
				GCC_WARN_UNUSED_FUNCTION = YES;
				GCC_WARN_UNUSED_VARIABLE = YES;
				IPHONEOS_DEPLOYMENT_TARGET = 18.2;
				LOCALIZATION_PREFERS_STRING_CATALOGS = YES;
				MTL_ENABLE_DEBUG_INFO = NO;
				MTL_FAST_MATH = YES;
				SDKROOT = iphoneos;
				SWIFT_COMPILATION_MODE = wholemodule;
				VALIDATE_PRODUCT = YES;
			};
			name = Release;
		};
		76D1E8652EBED89700039700 /* Debug */ = {
			isa = XCBuildConfiguration;
			baseConfigurationReference = 86AEB5B6261E9C2C162D0A91 /* Pods-DiseaseOnLeafTests.debug.xcconfig */;
			buildSettings = {
				BUNDLE_LOADER = "$(TEST_HOST)";
				CODE_SIGN_STYLE = Automatic;
				CURRENT_PROJECT_VERSION = 1;
				DEVELOPMENT_TEAM = XDH7KVZD9U;
				GENERATE_INFOPLIST_FILE = YES;
				IPHONEOS_DEPLOYMENT_TARGET = 18.2;
				MARKETING_VERSION = 1.0;
				PRODUCT_BUNDLE_IDENTIFIER = minhl.DiseaseOnLeafTests;
				PRODUCT_NAME = "$(TARGET_NAME)";
				SWIFT_EMIT_LOC_STRINGS = NO;
				SWIFT_VERSION = 5.0;
				TARGETED_DEVICE_FAMILY = "1,2";
				TEST_HOST = "$(BUILT_PRODUCTS_DIR)/DiseaseOnLeaf.app/$(BUNDLE_EXECUTABLE_FOLDER_PATH)/DiseaseOnLeaf";
			};
			name = Debug;
		};
		76D1E8662EBED89700039700 /* Release */ = {
			isa = XCBuildConfiguration;
			baseConfigurationReference = 63D6081F203E66BCE8405630 /* Pods-DiseaseOnLeafTests.release.xcconfig */;
			buildSettings = {
				BUNDLE_LOADER = "$(TEST_HOST)";
				CODE_SIGN_STYLE = Automatic;
				CURRENT_PROJECT_VERSION = 1;
				DEVELOPMENT_TEAM = XDH7KVZD9U;
				GENERATE_INFOPLIST_FILE = YES;
				IPHONEOS_DEPLOYMENT_TARGET = 18.2;
				MARKETING_VERSION = 1.0;
				PRODUCT_BUNDLE_IDENTIFIER = minhl.DiseaseOnLeafTests;
				PRODUCT_NAME = "$(TARGET_NAME)";
				SWIFT_EMIT_LOC_STRINGS = NO;
				SWIFT_VERSION = 5.0;
				TARGETED_DEVICE_FAMILY = "1,2";
				TEST_HOST = "$(BUILT_PRODUCTS_DIR)/DiseaseOnLeaf.app/$(BUNDLE_EXECUTABLE_FOLDER_PATH)/DiseaseOnLeaf";
			};
			name = Release;
		};
		76D1E8682EBED89700039700 /* Debug */ = {
			isa = XCBuildConfiguration;
			baseConfigurationReference = E880FBC6E8F5A7D6721775A4 /* Pods-DiseaseOnLeaf-DiseaseOnLeafUITests.debug.xcconfig */;
			buildSettings = {
				CODE_SIGN_STYLE = Automatic;
				CURRENT_PROJECT_VERSION = 1;
				DEVELOPMENT_TEAM = XDH7KVZD9U;
				GENERATE_INFOPLIST_FILE = YES;
				MARKETING_VERSION = 1.0;
				PRODUCT_BUNDLE_IDENTIFIER = minhl.DiseaseOnLeafUITests;
				PRODUCT_NAME = "$(TARGET_NAME)";
				SWIFT_EMIT_LOC_STRINGS = NO;
				SWIFT_VERSION = 5.0;
				TARGETED_DEVICE_FAMILY = "1,2";
				TEST_TARGET_NAME = DiseaseOnLeaf;
			};
			name = Debug;
		};
		76D1E8692EBED89700039700 /* Release */ = {
			isa = XCBuildConfiguration;
			baseConfigurationReference = 7F08AFA838D6459537A89700 /* Pods-DiseaseOnLeaf-DiseaseOnLeafUITests.release.xcconfig */;
			buildSettings = {
				CODE_SIGN_STYLE = Automatic;
				CURRENT_PROJECT_VERSION = 1;
				DEVELOPMENT_TEAM = XDH7KVZD9U;
				GENERATE_INFOPLIST_FILE = YES;
				MARKETING_VERSION = 1.0;
				PRODUCT_BUNDLE_IDENTIFIER = minhl.DiseaseOnLeafUITests;
				PRODUCT_NAME = "$(TARGET_NAME)";
				SWIFT_EMIT_LOC_STRINGS = NO;
				SWIFT_VERSION = 5.0;
				TARGETED_DEVICE_FAMILY = "1,2";
				TEST_TARGET_NAME = DiseaseOnLeaf;
			};
			name = Release;
		};
/* End XCBuildConfiguration section */

/* Begin XCConfigurationList section */
		76D1E8312EBED89500039700 /* Build configuration list for PBXProject "DiseaseOnLeaf" */ = {
			isa = XCConfigurationList;
			buildConfigurations = (
				76D1E8622EBED89700039700 /* Debug */,
				76D1E8632EBED89700039700 /* Release */,
			);
			defaultConfigurationIsVisible = 0;
			defaultConfigurationName = Release;
		};
		76D1E85F2EBED89700039700 /* Build configuration list for PBXNativeTarget "DiseaseOnLeaf" */ = {
			isa = XCConfigurationList;
			buildConfigurations = (
				76D1E8602EBED89700039700 /* Debug */,
				76D1E8612EBED89700039700 /* Release */,
			);
			defaultConfigurationIsVisible = 0;
			defaultConfigurationName = Release;
		};
		76D1E8642EBED89700039700 /* Build configuration list for PBXNativeTarget "DiseaseOnLeafTests" */ = {
			isa = XCConfigurationList;
			buildConfigurations = (
				76D1E8652EBED89700039700 /* Debug */,
				76D1E8662EBED89700039700 /* Release */,
			);
			defaultConfigurationIsVisible = 0;
			defaultConfigurationName = Release;
		};
		76D1E8672EBED89700039700 /* Build configuration list for PBXNativeTarget "DiseaseOnLeafUITests" */ = {
			isa = XCConfigurationList;
			buildConfigurations = (
				76D1E8682EBED89700039700 /* Debug */,
				76D1E8692EBED89700039700 /* Release */,
			);
			defaultConfigurationIsVisible = 0;
			defaultConfigurationName = Release;
		};
/* End XCConfigurationList section */
	};
	rootObject = 76D1E82E2EBED89500039700 /* Project object */;
}
