// !$*UTF8*$!
{
	archiveVersion = 1;
	classes = {
	};
	objectVersion = 77;
	objects = {

/* Begin PBXContainerItemProxy section */
		76D1E84D2EBED89700039700 /* PBXContainerItemProxy */ = {
			isa = PBXContainerItemProxy;
			containerPortal = 76D1E82E2EBED89500039700 /* Project object */;
			proxyType = 1;
			remoteGlobalIDString = 76D1E8352EBED89500039700;
			remoteInfo = DiseaseOnLeaf;
		};
		76D1E8572EBED89700039700 /* PBXContainerItemProxy */ = {
			isa = PBXContainerItemProxy;
			containerPortal = 76D1E82E2EBED89500039700 /* Project object */;
			proxyType = 1;
			remoteGlobalIDString = 76D1E8352EBED89500039700;
			remoteInfo = DiseaseOnLeaf;
		};
/* End PBXContainerItemProxy section */

/* Begin PBXFileReference section */
		76D1E8362EBED89500039700 /* DiseaseOnLeaf.app */ = {isa = PBXFileReference; explicitFileType = wrapper.application; includeInIndex = 0; path = DiseaseOnLeaf.app; sourceTree = BUILT_PRODUCTS_DIR; };
		76D1E84C2EBED89700039700 /* DiseaseOnLeafTests.xctest */ = {isa = PBXFileReference; explicitFileType = wrapper.cfbundle; includeInIndex = 0; path = DiseaseOnLeafTests.xctest; sourceTree = BUILT_PRODUCTS_DIR; };
		76D1E8562EBED89700039700 /* DiseaseOnLeafUITests.xctest */ = {isa = PBXFileReference; explicitFileType = wrapper.cfbundle; includeInIndex = 0; path = DiseaseOnLeafUITests.xctest; sourceTree = BUILT_PRODUCTS_DIR; };
/* End PBXFileReference section */

/* Begin PBXFileSystemSynchronizedBuildFileExceptionSet section */
		76D1E85E2EBED89700039700 /* Exceptions for "DiseaseOnLeaf" folder in "DiseaseOnLeaf" target */ = {
			isa = PBXFileSystemSynchronizedBuildFileExceptionSet;
			membershipExceptions = (
				Info.plist,
			);
			target = 76D1E8352EBED89500039700 /* DiseaseOnLeaf */;
		};
/* End PBXFileSystemSynchronizedBuildFileExceptionSet section */

/* Begin PBXFileSystemSynchronizedRootGroup section */
		76D1E8382EBED89500039700 /* DiseaseOnLeaf */ = {
			isa = PBXFileSystemSynchronizedRootGroup;
			exceptions = (
				76D1E85E2EBED89700039700 /* Exceptions for "DiseaseOnLeaf" folder in "DiseaseOnLeaf" target */,
			);
			path = DiseaseOnLeaf;
			sourceTree = "<group>";
		};
		76D1E84F2EBED89700039700 /* DiseaseOnLeafTests */ = {
			isa = PBXFileSystemSynchronizedRootGroup;
			path = DiseaseOnLeafTests;
			sourceTree = "<group>";
		};
		76D1E8592EBED89700039700 /* DiseaseOnLeafUITests */ = {
			isa = PBXFileSystemSynchronizedRootGroup;
			path = DiseaseOnLeafUITests;
			sourceTree = "<group>";
		};
/* End PBXFileSystemSynchronizedRootGroup section */

/* Begin PBXFrameworksBuildPhase section */
		76D1E8332EBED89500039700 /* Frameworks */ = {
			isa = PBXFrameworksBuildPhase;
			buildActionMask = 2147483647;
			files = (
			);
			runOnlyForDeploymentPostprocessing = 0;
		};
		76D1E8492EBED89700039700 /* Frameworks */ = {
			isa = PBXFrameworksBuildPhase;
			buildActionMask = 2147483647;
			files = (
			);
			runOnlyForDeploymentPostprocessing = 0;
		};
		76D1E8532EBED89700039700 /* Frameworks */ = {
			isa = PBXFrameworksBuildPhase;
			buildActionMask = 2147483647;
			files = (
			);
			runOnlyForDeploymentPostprocessing = 0;
		};
/* End PBXFrameworksBuildPhase section */

/* Begin PBXGroup section */
		76D1E82D2EBED89500039700 = {
			isa = PBXGroup;
			children = (
				76D1E8382EBED89500039700 /* DiseaseOnLeaf */,
				76D1E84F2EBED89700039700 /* DiseaseOnLeafTests */,
				76D1E8592EBED89700039700 /* DiseaseOnLeafUITests */,
				76D1E8372EBED89500039700 /* Products */,
			);
			sourceTree = "<group>";
		};
		76D1E8372EBED89500039700 /* Products */ = {
			isa = PBXGroup;
			children = (
				76D1E8362EBED89500039700 /* DiseaseOnLeaf.app */,
				76D1E84C2EBED89700039700 /* DiseaseOnLeafTests.xctest */,
				76D1E8562EBED89700039700 /* DiseaseOnLeafUITests.xctest */,
			);
			name = Products;
			sourceTree = "<group>";
		};
/* End PBXGroup section */

/* Begin PBXNativeTarget section */
		76D1E8352EBED89500039700 /* DiseaseOnLeaf */ = {
			isa = PBXNativeTarget;
			buildConfigurationList = 76D1E85F2EBED89700039700 /* Build configuration list for PBXNativeTarget "DiseaseOnLeaf" */;
			buildPhases = (
				76D1E8322EBED89500039700 /* Sources */,
				76D1E8332EBED89500039700 /* Frameworks */,
				76D1E8342EBED89500039700 /* Resources */,
			);
			buildRules = (
			);
			dependencies = (
			);
			fileSystemSynchronizedGroups = (
				76D1E8382EBED89500039700 /* DiseaseOnLeaf */,
			);
			name = DiseaseOnLeaf;
			packageProductDependencies = (
			);
			productName = DiseaseOnLeaf;
			productReference = 76D1E8362EBED89500039700 /* DiseaseOnLeaf.app */;
			productType = "com.apple.product-type.application";
		};
		76D1E84B2EBED89700039700 /* DiseaseOnLeafTests */ = {
			isa = PBXNativeTarget;
			buildConfigurationList = 76D1E8642EBED89700039700 /* Build configuration list for PBXNativeTarget "DiseaseOnLeafTests" */;
			buildPhases = (
				76D1E8482EBED89700039700 /* Sources */,
				76D1E8492EBED89700039700 /* Frameworks */,
				76D1E84A2EBED89700039700 /* Resources */,
			);
			buildRules = (
			);
			dependencies = (
				76D1E84E2EBED89700039700 /* PBXTargetDependency */,
			);
			fileSystemSynchronizedGroups = (
				76D1E84F2EBED89700039700 /* DiseaseOnLeafTests */,
			);
			name = DiseaseOnLeafTests;
			packageProductDependencies = (
			);
			productName = DiseaseOnLeafTests;
			productReference = 76D1E84C2EBED89700039700 /* DiseaseOnLeafTests.xctest */;
			productType = "com.apple.product-type.bundle.unit-test";
		};
		76D1E8552EBED89700039700 /* DiseaseOnLeafUITests */ = {
			isa = PBXNativeTarget;
			buildConfigurationList = 76D1E8672EBED89700039700 /* Build configuration list for PBXNativeTarget "DiseaseOnLeafUITests" */;
			buildPhases = (
				76D1E8522EBED89700039700 /* Sources */,
				76D1E8532EBED89700039700 /* Frameworks */,
				76D1E8542EBED89700039700 /* Resources */,
			);
			buildRules = (
			);
			dependencies = (
				76D1E8582EBED89700039700 /* PBXTargetDependency */,
			);
			fileSystemSynchronizedGroups = (
				76D1E8592EBED89700039700 /* DiseaseOnLeafUITests */,
			);
			name = DiseaseOnLeafUITests;
			packageProductDependencies = (
			);
			productName = DiseaseOnLeafUITests;
			productReference = 76D1E8562EBED89700039700 /* DiseaseOnLeafUITests.xctest */;
			productType = "com.apple.product-type.bundle.ui-testing";
		};
/* End PBXNativeTarget section */

/* Begin PBXProject section */
		76D1E82E2EBED89500039700 /* Project object */ = {
			isa = PBXProject;
			attributes = {
				BuildIndependentTargetsInParallel = 1;
				LastSwiftUpdateCheck = 1620;
				LastUpgradeCheck = 1620;
				TargetAttributes = {
					76D1E8352EBED89500039700 = {
						CreatedOnToolsVersion = 16.2;
					};
					76D1E84B2EBED89700039700 = {
						CreatedOnToolsVersion = 16.2;
						TestTargetID = 76D1E8352EBED89500039700;
					};
					76D1E8552EBED89700039700 = {
						CreatedOnToolsVersion = 16.2;
						TestTargetID = 76D1E8352EBED89500039700;
					};
				};
			};
			buildConfigurationList = 76D1E8312EBED89500039700 /* Build configuration list for PBXProject "DiseaseOnLeaf" */;
			developmentRegion = en;
			hasScannedForEncodings = 0;
			knownRegions = (
				en,
				Base,
			);
			mainGroup = 76D1E82D2EBED89500039700;
			minimizedProjectReferenceProxies = 1;
			preferredProjectObjectVersion = 77;
			productRefGroup = 76D1E8372EBED89500039700 /* Products */;
			projectDirPath = "";
			projectRoot = "";
			targets = (
				76D1E8352EBED89500039700 /* DiseaseOnLeaf */,
				76D1E84B2EBED89700039700 /* DiseaseOnLeafTests */,
				76D1E8552EBED89700039700 /* DiseaseOnLeafUITests */,
			);
		};
/* End PBXProject section */

/* Begin PBXResourcesBuildPhase section */
		76D1E8342EBED89500039700 /* Resources */ = {
			isa = PBXResourcesBuildPhase;
			buildActionMask = 2147483647;
			files = (
			);
			runOnlyForDeploymentPostprocessing = 0;
		};
		76D1E84A2EBED89700039700 /* Resources */ = {
			isa = PBXResourcesBuildPhase;
			buildActionMask = 2147483647;
			files = (
			);
			runOnlyForDeploymentPostprocessing = 0;
		};
		76D1E8542EBED89700039700 /* Resources */ = {
			isa = PBXResourcesBuildPhase;
			buildActionMask = 2147483647;
			files = (
			);
			runOnlyForDeploymentPostprocessing = 0;
		};
/* End PBXResourcesBuildPhase section */

/* Begin PBXSourcesBuildPhase section */
		76D1E8322EBED89500039700 /* Sources */ = {
			isa = PBXSourcesBuildPhase;
			buildActionMask = 2147483647;
			files = (
			);
			runOnlyForDeploymentPostprocessing = 0;
		};
		76D1E8482EBED89700039700 /* Sources */ = {
			isa = PBXSourcesBuildPhase;
			buildActionMask = 2147483647;
			files = (
			);
			runOnlyForDeploymentPostprocessing = 0;
		};
		76D1E8522EBED89700039700 /* Sources */ = {
			isa = PBXSourcesBuildPhase;
			buildActionMask = 2147483647;
			files = (
			);
			runOnlyForDeploymentPostprocessing = 0;
		};
/* End PBXSourcesBuildPhase section */

/* Begin PBXTargetDependency section */
		76D1E84E2EBED89700039700 /* PBXTargetDependency */ = {
			isa = PBXTargetDependency;
			target = 76D1E8352EBED89500039700 /* DiseaseOnLeaf */;
			targetProxy = 76D1E84D2EBED89700039700 /* PBXContainerItemProxy */;
		};
		76D1E8582EBED89700039700 /* PBXTargetDependency */ = {
			isa = PBXTargetDependency;
			target = 76D1E8352EBED89500039700 /* DiseaseOnLeaf */;
			targetProxy = 76D1E8572EBED89700039700 /* PBXContainerItemProxy */;
		};
/* End PBXTargetDependency section */

/* Begin XCBuildConfiguration section */
		76D1E8602EBED89700039700 /* Debug */ = {
			isa = XCBuildConfiguration;
			buildSettings = {
				ASSETCATALOG_COMPILER_APPICON_NAME = AppIcon;
				ASSETCATALOG_COMPILER_GLOBAL_ACCENT_COLOR_NAME = AccentColor;
				CODE_SIGN_STYLE = Automatic;
				CURRENT_PROJECT_VERSION = 1;
				DEVELOPMENT_TEAM = XDH7KVZD9U;
				GENERATE_INFOPLIST_FILE = YES;
				INFOPLIST_FILE = DiseaseOnLeaf/Info.plist;
				INFOPLIST_KEY_UIApplicationSupportsIndirectInputEvents = YES;
				INFOPLIST_KEY_UILaunchStoryboardName = LaunchScreen;
				INFOPLIST_KEY_UIMainStoryboardFile = Main;
				INFOPLIST_KEY_UISupportedInterfaceOrientations_iPad = "UIInterfaceOrientationPortrait UIInterfaceOrientationPortraitUpsideDown UIInterfaceOrientationLandscapeLeft UIInterfaceOrientationLandscapeRight";
				INFOPLIST_KEY_UISupportedInterfaceOrientations_iPhone = "UIInterfaceOrientationPortrait UIInterfaceOrientationLandscapeLeft UIInterfaceOrientationLandscapeRight";
				LD_RUNPATH_SEARCH_PATHS = (
					"$(inherited)",
					"@executable_path/Frameworks",
				);
				MARKETING_VERSION = 1.0;
				PRODUCT_BUNDLE_IDENTIFIER = minhl.DiseaseOnLeaf;
				PRODUCT_NAME = "$(TARGET_NAME)";
				SWIFT_EMIT_LOC_STRINGS = YES;
				SWIFT_VERSION = 5.0;
				TARGETED_DEVICE_FAMILY = "1,2";
			};
			name = Debug;
		};
		76D1E8612EBED89700039700 /* Release */ = {
			isa = XCBuildConfiguration;
			buildSettings = {
				ASSETCATALOG_COMPILER_APPICON_NAME = AppIcon;
				ASSETCATALOG_COMPILER_GLOBAL_ACCENT_COLOR_NAME = AccentColor;
				CODE_SIGN_STYLE = Automatic;
				CURRENT_PROJECT_VERSION = 1;
				DEVELOPMENT_TEAM = XDH7KVZD9U;
				GENERATE_INFOPLIST_FILE = YES;
				INFOPLIST_FILE = DiseaseOnLeaf/Info.plist;
				INFOPLIST_KEY_UIApplicationSupportsIndirectInputEvents = YES;
				INFOPLIST_KEY_UILaunchStoryboardName = LaunchScreen;
				INFOPLIST_KEY_UIMainStoryboardFile = Main;
				INFOPLIST_KEY_UISupportedInterfaceOrientations_iPad = "UIInterfaceOrientationPortrait UIInterfaceOrientationPortraitUpsideDown UIInterfaceOrientationLandscapeLeft UIInterfaceOrientationLandscapeRight";
				INFOPLIST_KEY_UISupportedInterfaceOrientations_iPhone = "UIInterfaceOrientationPortrait UIInterfaceOrientationLandscapeLeft UIInterfaceOrientationLandscapeRight";
				LD_RUNPATH_SEARCH_PATHS = (
					"$(inherited)",
					"@executable_path/Frameworks",
				);
				MARKETING_VERSION = 1.0;
				PRODUCT_BUNDLE_IDENTIFIER = minhl.DiseaseOnLeaf;
				PRODUCT_NAME = "$(TARGET_NAME)";
				SWIFT_EMIT_LOC_STRINGS = YES;
				SWIFT_VERSION = 5.0;
				TARGETED_DEVICE_FAMILY = "1,2";
			};
			name = Release;
		};
		76D1E8622EBED89700039700 /* Debug */ = {
			isa = XCBuildConfiguration;
			buildSettings = {
				ALWAYS_SEARCH_USER_PATHS = NO;
				ASSETCATALOG_COMPILER_GENERATE_SWIFT_ASSET_SYMBOL_EXTENSIONS = YES;
				CLANG_ANALYZER_NONNULL = YES;
				CLANG_ANALYZER_NUMBER_OBJECT_CONVERSION = YES_AGGRESSIVE;
				CLANG_CXX_LANGUAGE_STANDARD = "gnu++20";
				CLANG_ENABLE_MODULES = YES;
				CLANG_ENABLE_OBJC_ARC = YES;
				CLANG_ENABLE_OBJC_WEAK = YES;
				CLANG_WARN_BLOCK_CAPTURE_AUTORELEASING = YES;
				CLANG_WARN_BOOL_CONVERSION = YES;
				CLANG_WARN_COMMA = YES;
				CLANG_WARN_CONSTANT_CONVERSION = YES;
				CLANG_WARN_DEPRECATED_OBJC_IMPLEMENTATIONS = YES;
				CLANG_WARN_DIRECT_OBJC_ISA_USAGE = YES_ERROR;
				CLANG_WARN_DOCUMENTATION_COMMENTS = YES;
				CLANG_WARN_EMPTY_BODY = YES;
				CLANG_WARN_ENUM_CONVERSION = YES;
				CLANG_WARN_INFINITE_RECURSION = YES;
				CLANG_WARN_INT_CONVERSION = YES;
				CLANG_WARN_NON_LITERAL_NULL_CONVERSION = YES;
				CLANG_WARN_OBJC_IMPLICIT_RETAIN_SELF = YES;
				CLANG_WARN_OBJC_LITERAL_CONVERSION = YES;
				CLANG_WARN_OBJC_ROOT_CLASS = YES_ERROR;
				CLANG_WARN_QUOTED_INCLUDE_IN_FRAMEWORK_HEADER = YES;
				CLANG_WARN_RANGE_LOOP_ANALYSIS = YES;
				CLANG_WARN_STRICT_PROTOTYPES = YES;
				CLANG_WARN_SUSPICIOUS_MOVE = YES;
				CLANG_WARN_UNGUARDED_AVAILABILITY = YES_AGGRESSIVE;
				CLANG_WARN_UNREACHABLE_CODE = YES;
				CLANG_WARN__DUPLICATE_METHOD_MATCH = YES;
				COPY_PHASE_STRIP = NO;
				DEBUG_INFORMATION_FORMAT = dwarf;
				ENABLE_STRICT_OBJC_MSGSEND = YES;
				ENABLE_TESTABILITY = YES;
				ENABLE_USER_SCRIPT_SANDBOXING = YES;
				GCC_C_LANGUAGE_STANDARD = gnu17;
				GCC_DYNAMIC_NO_PIC = NO;
				GCC_NO_COMMON_BLOCKS = YES;
				GCC_OPTIMIZATION_LEVEL = 0;
				GCC_PREPROCESSOR_DEFINITIONS = (
					"DEBUG=1",
					"$(inherited)",
				);
				GCC_WARN_64_TO_32_BIT_CONVERSION = YES;
				GCC_WARN_ABOUT_RETURN_TYPE = YES_ERROR;
				GCC_WARN_UNDECLARED_SELECTOR = YES;
				GCC_WARN_UNINITIALIZED_AUTOS = YES_AGGRESSIVE;
				GCC_WARN_UNUSED_FUNCTION = YES;
				GCC_WARN_UNUSED_VARIABLE = YES;
				IPHONEOS_DEPLOYMENT_TARGET = 18.2;
				LOCALIZATION_PREFERS_STRING_CATALOGS = YES;
				MTL_ENABLE_DEBUG_INFO = INCLUDE_SOURCE;
				MTL_FAST_MATH = YES;
				ONLY_ACTIVE_ARCH = YES;
				SDKROOT = iphoneos;
				SWIFT_ACTIVE_COMPILATION_CONDITIONS = "DEBUG $(inherited)";
				SWIFT_OPTIMIZATION_LEVEL = "-Onone";
			};
			name = Debug;
		};
		76D1E8632EBED89700039700 /* Release */ = {
			isa = XCBuildConfiguration;
			buildSettings = {
				ALWAYS_SEARCH_USER_PATHS = NO;
				ASSETCATALOG_COMPILER_GENERATE_SWIFT_ASSET_SYMBOL_EXTENSIONS = YES;
				CLANG_ANALYZER_NONNULL = YES;
				CLANG_ANALYZER_NUMBER_OBJECT_CONVERSION = YES_AGGRESSIVE;
				CLANG_CXX_LANGUAGE_STANDARD = "gnu++20";
				CLANG_ENABLE_MODULES = YES;
				CLANG_ENABLE_OBJC_ARC = YES;
				CLANG_ENABLE_OBJC_WEAK = YES;
				CLANG_WARN_BLOCK_CAPTURE_AUTORELEASING = YES;
				CLANG_WARN_BOOL_CONVERSION = YES;
				CLANG_WARN_COMMA = YES;
				CLANG_WARN_CONSTANT_CONVERSION = YES;
				CLANG_WARN_DEPRECATED_OBJC_IMPLEMENTATIONS = YES;
				CLANG_WARN_DIRECT_OBJC_ISA_USAGE = YES_ERROR;
				CLANG_WARN_DOCUMENTATION_COMMENTS = YES;
				CLANG_WARN_EMPTY_BODY = YES;
				CLANG_WARN_ENUM_CONVERSION = YES;
				CLANG_WARN_INFINITE_RECURSION = YES;
				CLANG_WARN_INT_CONVERSION = YES;
				CLANG_WARN_NON_LITERAL_NULL_CONVERSION = YES;
				CLANG_WARN_OBJC_IMPLICIT_RETAIN_SELF = YES;
				CLANG_WARN_OBJC_LITERAL_CONVERSION = YES;
				CLANG_WARN_OBJC_ROOT_CLASS = YES_ERROR;
				CLANG_WARN_QUOTED_INCLUDE_IN_FRAMEWORK_HEADER = YES;
				CLANG_WARN_RANGE_LOOP_ANALYSIS = YES;
				CLANG_WARN_STRICT_PROTOTYPES = YES;
				CLANG_WARN_SUSPICIOUS_MOVE = YES;
				CLANG_WARN_UNGUARDED_AVAILABILITY = YES_AGGRESSIVE;
				CLANG_WARN_UNREACHABLE_CODE = YES;
				CLANG_WARN__DUPLICATE_METHOD_MATCH = YES;
				COPY_PHASE_STRIP = NO;
				DEBUG_INFORMATION_FORMAT = "dwarf-with-dsym";
				ENABLE_NS_ASSERTIONS = NO;
				ENABLE_STRICT_OBJC_MSGSEND = YES;
				ENABLE_USER_SCRIPT_SANDBOXING = YES;
				GCC_C_LANGUAGE_STANDARD = gnu17;
				GCC_NO_COMMON_BLOCKS = YES;
				GCC_WARN_64_TO_32_BIT_CONVERSION = YES;
				GCC_WARN_ABOUT_RETURN_TYPE = YES_ERROR;
				GCC_WARN_UNDECLARED_SELECTOR = YES;
				GCC_WARN_UNINITIALIZED_AUTOS = YES_AGGRESSIVE;
				GCC_WARN_UNUSED_FUNCTION = YES;
				GCC_WARN_UNUSED_VARIABLE = YES;
				IPHONEOS_DEPLOYMENT_TARGET = 18.2;
				LOCALIZATION_PREFERS_STRING_CATALOGS = YES;
				MTL_ENABLE_DEBUG_INFO = NO;
				MTL_FAST_MATH = YES;
				SDKROOT = iphoneos;
				SWIFT_COMPILATION_MODE = wholemodule;
				VALIDATE_PRODUCT = YES;
			};
			name = Release;
		};
		76D1E8652EBED89700039700 /* Debug */ = {
			isa = XCBuildConfiguration;
			buildSettings = {
				BUNDLE_LOADER = "$(TEST_HOST)";
				CODE_SIGN_STYLE = Automatic;
				CURRENT_PROJECT_VERSION = 1;
				DEVELOPMENT_TEAM = XDH7KVZD9U;
				GENERATE_INFOPLIST_FILE = YES;
				IPHONEOS_DEPLOYMENT_TARGET = 18.2;
				MARKETING_VERSION = 1.0;
				PRODUCT_BUNDLE_IDENTIFIER = minhl.DiseaseOnLeafTests;
				PRODUCT_NAME = "$(TARGET_NAME)";
				SWIFT_EMIT_LOC_STRINGS = NO;
				SWIFT_VERSION = 5.0;
				TARGETED_DEVICE_FAMILY = "1,2";
				TEST_HOST = "$(BUILT_PRODUCTS_DIR)/DiseaseOnLeaf.app/$(BUNDLE_EXECUTABLE_FOLDER_PATH)/DiseaseOnLeaf";
			};
			name = Debug;
		};
		76D1E8662EBED89700039700 /* Release */ = {
			isa = XCBuildConfiguration;
			buildSettings = {
				BUNDLE_LOADER = "$(TEST_HOST)";
				CODE_SIGN_STYLE = Automatic;
				CURRENT_PROJECT_VERSION = 1;
				DEVELOPMENT_TEAM = XDH7KVZD9U;
				GENERATE_INFOPLIST_FILE = YES;
				IPHONEOS_DEPLOYMENT_TARGET = 18.2;
				MARKETING_VERSION = 1.0;
				PRODUCT_BUNDLE_IDENTIFIER = minhl.DiseaseOnLeafTests;
				PRODUCT_NAME = "$(TARGET_NAME)";
				SWIFT_EMIT_LOC_STRINGS = NO;
				SWIFT_VERSION = 5.0;
				TARGETED_DEVICE_FAMILY = "1,2";
				TEST_HOST = "$(BUILT_PRODUCTS_DIR)/DiseaseOnLeaf.app/$(BUNDLE_EXECUTABLE_FOLDER_PATH)/DiseaseOnLeaf";
			};
			name = Release;
		};
		76D1E8682EBED89700039700 /* Debug */ = {
			isa = XCBuildConfiguration;
			buildSettings = {
				CODE_SIGN_STYLE = Automatic;
				CURRENT_PROJECT_VERSION = 1;
				DEVELOPMENT_TEAM = XDH7KVZD9U;
				GENERATE_INFOPLIST_FILE = YES;
				MARKETING_VERSION = 1.0;
				PRODUCT_BUNDLE_IDENTIFIER = minhl.DiseaseOnLeafUITests;
				PRODUCT_NAME = "$(TARGET_NAME)";
				SWIFT_EMIT_LOC_STRINGS = NO;
				SWIFT_VERSION = 5.0;
				TARGETED_DEVICE_FAMILY = "1,2";
				TEST_TARGET_NAME = DiseaseOnLeaf;
			};
			name = Debug;
		};
		76D1E8692EBED89700039700 /* Release */ = {
			isa = XCBuildConfiguration;
			buildSettings = {
				CODE_SIGN_STYLE = Automatic;
				CURRENT_PROJECT_VERSION = 1;
				DEVELOPMENT_TEAM = XDH7KVZD9U;
				GENERATE_INFOPLIST_FILE = YES;
				MARKETING_VERSION = 1.0;
				PRODUCT_BUNDLE_IDENTIFIER = minhl.DiseaseOnLeafUITests;
				PRODUCT_NAME = "$(TARGET_NAME)";
				SWIFT_EMIT_LOC_STRINGS = NO;
				SWIFT_VERSION = 5.0;
				TARGETED_DEVICE_FAMILY = "1,2";
				TEST_TARGET_NAME = DiseaseOnLeaf;
			};
			name = Release;
		};
/* End XCBuildConfiguration section */

/* Begin XCConfigurationList section */
		76D1E8312EBED89500039700 /* Build configuration list for PBXProject "DiseaseOnLeaf" */ = {
			isa = XCConfigurationList;
			buildConfigurations = (
				76D1E8622EBED89700039700 /* Debug */,
				76D1E8632EBED89700039700 /* Release */,
			);
			defaultConfigurationIsVisible = 0;
			defaultConfigurationName = Release;
		};
		76D1E85F2EBED89700039700 /* Build configuration list for PBXNativeTarget "DiseaseOnLeaf" */ = {
			isa = XCConfigurationList;
			buildConfigurations = (
				76D1E8602EBED89700039700 /* Debug */,
				76D1E8612EBED89700039700 /* Release */,
			);
			defaultConfigurationIsVisible = 0;
			defaultConfigurationName = Release;
		};
		76D1E8642EBED89700039700 /* Build configuration list for PBXNativeTarget "DiseaseOnLeafTests" */ = {
			isa = XCConfigurationList;
			buildConfigurations = (
				76D1E8652EBED89700039700 /* Debug */,
				76D1E8662EBED89700039700 /* Release */,
			);
			defaultConfigurationIsVisible = 0;
			defaultConfigurationName = Release;
		};
		76D1E8672EBED89700039700 /* Build configuration list for PBXNativeTarget "DiseaseOnLeafUITests" */ = {
			isa = XCConfigurationList;
			buildConfigurations = (
				76D1E8682EBED89700039700 /* Debug */,
				76D1E8692EBED89700039700 /* Release */,
			);
			defaultConfigurationIsVisible = 0;
			defaultConfigurationName = Release;
		};
/* End XCConfigurationList section */
	};
	rootObject = 76D1E82E2EBED89500039700 /* Project object */;
}
